
Microsoft Visual Studio Solution File, Format Version 12.00
# Visual Studio Version 16
VisualStudioVersion = 16.0.29806.167
MinimumVisualStudioVersion = 10.0.40219.1
Project("{2150E333-8FDC-42A3-9474-1A3956D46DE8}") = "Services", "Services", "{CA9F3B5F-F2CC-48B5-8876-2DAF871DB601}"
EndProject
Project("{2150E333-8FDC-42A3-9474-1A3956D46DE8}") = "Ui", "Ui", "{607F2F74-B241-4D95-9CE9-5A078667A4A3}"
EndProject
Project("{2150E333-8FDC-42A3-9474-1A3956D46DE8}") = "Logic", "Logic", "{49A19B11-192E-4E58-B004-07024A5C24EC}"
EndProject
Project("{FAE04EC0-301F-11D3-BF4B-00C04F79EFBC}") = "Services.CoreApi", "Services\Services.CoreApi\Services.CoreApi.csproj", "{EA70E74A-8479-48A3-9981-D9498C6FBD2C}"
EndProject
Project("{FAE04EC0-301F-11D3-BF4B-00C04F79EFBC}") = "Ui.Old", "Ui\Ui.Old\Ui.Old.csproj", "{A6B6AF1A-2AE9-47D0-B6CE-E3E040FDAC2B}"
EndProject
Project("{FAE04EC0-301F-11D3-BF4B-00C04F79EFBC}") = "Logic.Shared", "Logic\Logic.Shared\Logic.Shared.csproj", "{A4C55E29-362D-4E70-AECD-C7D72014029D}"
EndProject
Project("{9A19103F-16F7-4668-BE54-9A1E7A4F7556}") = "Logic.DataAccess", "Logic\Logic.DataAccess\Logic.DataAccess.csproj", "{5625C2E3-86C0-431A-B3A9-99D196E61A98}"
EndProject
Project("{FAE04EC0-301F-11D3-BF4B-00C04F79EFBC}") = "Logic.Core", "Logic\Logic.Core\Logic.Core.csproj", "{CF1E6102-235F-4A24-BFAB-5E16F657F20A}"
EndProject
Global
	GlobalSection(SolutionConfigurationPlatforms) = preSolution
		Debug|Any CPU = Debug|Any CPU
		Release|Any CPU = Release|Any CPU
	EndGlobalSection
	GlobalSection(ProjectConfigurationPlatforms) = postSolution
		{EA70E74A-8479-48A3-9981-D9498C6FBD2C}.Debug|Any CPU.ActiveCfg = Debug|Any CPU
		{EA70E74A-8479-48A3-9981-D9498C6FBD2C}.Debug|Any CPU.Build.0 = Debug|Any CPU
		{EA70E74A-8479-48A3-9981-D9498C6FBD2C}.Release|Any CPU.ActiveCfg = Release|Any CPU
		{EA70E74A-8479-48A3-9981-D9498C6FBD2C}.Release|Any CPU.Build.0 = Release|Any CPU
		{A6B6AF1A-2AE9-47D0-B6CE-E3E040FDAC2B}.Debug|Any CPU.ActiveCfg = Debug|Any CPU
		{A6B6AF1A-2AE9-47D0-B6CE-E3E040FDAC2B}.Debug|Any CPU.Build.0 = Debug|Any CPU
		{A6B6AF1A-2AE9-47D0-B6CE-E3E040FDAC2B}.Release|Any CPU.ActiveCfg = Release|Any CPU
		{A6B6AF1A-2AE9-47D0-B6CE-E3E040FDAC2B}.Release|Any CPU.Build.0 = Release|Any CPU
		{A4C55E29-362D-4E70-AECD-C7D72014029D}.Debug|Any CPU.ActiveCfg = Debug|Any CPU
		{A4C55E29-362D-4E70-AECD-C7D72014029D}.Debug|Any CPU.Build.0 = Debug|Any CPU
		{A4C55E29-362D-4E70-AECD-C7D72014029D}.Release|Any CPU.ActiveCfg = Release|Any CPU
		{A4C55E29-362D-4E70-AECD-C7D72014029D}.Release|Any CPU.Build.0 = Release|Any CPU
		{5625C2E3-86C0-431A-B3A9-99D196E61A98}.Debug|Any CPU.ActiveCfg = Debug|Any CPU
		{5625C2E3-86C0-431A-B3A9-99D196E61A98}.Debug|Any CPU.Build.0 = Debug|Any CPU
		{5625C2E3-86C0-431A-B3A9-99D196E61A98}.Release|Any CPU.ActiveCfg = Release|Any CPU
		{5625C2E3-86C0-431A-B3A9-99D196E61A98}.Release|Any CPU.Build.0 = Release|Any CPU
		{CF1E6102-235F-4A24-BFAB-5E16F657F20A}.Debug|Any CPU.ActiveCfg = Debug|Any CPU
		{CF1E6102-235F-4A24-BFAB-5E16F657F20A}.Debug|Any CPU.Build.0 = Debug|Any CPU
		{CF1E6102-235F-4A24-BFAB-5E16F657F20A}.Release|Any CPU.ActiveCfg = Release|Any CPU
		{CF1E6102-235F-4A24-BFAB-5E16F657F20A}.Release|Any CPU.Build.0 = Release|Any CPU
	EndGlobalSection
	GlobalSection(SolutionProperties) = preSolution
		HideSolutionNode = FALSE
	EndGlobalSection
	GlobalSection(NestedProjects) = preSolution
		{EA70E74A-8479-48A3-9981-D9498C6FBD2C} = {CA9F3B5F-F2CC-48B5-8876-2DAF871DB601}
		{A6B6AF1A-2AE9-47D0-B6CE-E3E040FDAC2B} = {607F2F74-B241-4D95-9CE9-5A078667A4A3}
		{A4C55E29-362D-4E70-AECD-C7D72014029D} = {49A19B11-192E-4E58-B004-07024A5C24EC}
		{5625C2E3-86C0-431A-B3A9-99D196E61A98} = {49A19B11-192E-4E58-B004-07024A5C24EC}
		{CF1E6102-235F-4A24-BFAB-5E16F657F20A} = {49A19B11-192E-4E58-B004-07024A5C24EC}
	EndGlobalSection
	GlobalSection(ExtensibilityGlobals) = postSolution
		SolutionGuid = {F9F6CFF6-1A72-4C22-A463-5112AB7C059E}
	EndGlobalSection
EndGlobal
